// !$*UTF8*$!
{
	archiveVersion = 1;
	classes = {
	};
	objectVersion = 50;
	objects = {

/* Begin PBXBuildFile section */
		2FBCFE9623C60F1200179B18 /* AppDelegate.swift in Sources */ = {isa = PBXBuildFile; fileRef = 2FBCFE9523C60F1200179B18 /* AppDelegate.swift */; };
		2FBCFE9823C60F1200179B18 /* SceneDelegate.swift in Sources */ = {isa = PBXBuildFile; fileRef = 2FBCFE9723C60F1200179B18 /* SceneDelegate.swift */; };
		2FBCFE9A23C60F1200179B18 /* ViewController.swift in Sources */ = {isa = PBXBuildFile; fileRef = 2FBCFE9923C60F1200179B18 /* ViewController.swift */; };
		2FBCFE9D23C60F1200179B18 /* Main.storyboard in Resources */ = {isa = PBXBuildFile; fileRef = 2FBCFE9B23C60F1200179B18 /* Main.storyboard */; };
		2FBCFE9F23C60F1400179B18 /* Assets.xcassets in Resources */ = {isa = PBXBuildFile; fileRef = 2FBCFE9E23C60F1400179B18 /* Assets.xcassets */; };
		2FBCFEA223C60F1400179B18 /* LaunchScreen.storyboard in Resources */ = {isa = PBXBuildFile; fileRef = 2FBCFEA023C60F1400179B18 /* LaunchScreen.storyboard */; };
		2FBCFEAB23C60FF200179B18 /* LabelTableViewCell.swift in Sources */ = {isa = PBXBuildFile; fileRef = 2FBCFEA923C60FF200179B18 /* LabelTableViewCell.swift */; };
		2FBCFEAC23C60FF200179B18 /* LabelTableViewCell.xib in Resources */ = {isa = PBXBuildFile; fileRef = 2FBCFEAA23C60FF200179B18 /* LabelTableViewCell.xib */; };
/* End PBXBuildFile section */

/* Begin PBXFileReference section */
		2FBCFE9223C60F1200179B18 /* DynamicLabel.app */ = {isa = PBXFileReference; explicitFileType = wrapper.application; includeInIndex = 0; path = DynamicLabel.app; sourceTree = BUILT_PRODUCTS_DIR; };
		2FBCFE9523C60F1200179B18 /* AppDelegate.swift */ = {isa = PBXFileReference; lastKnownFileType = sourcecode.swift; path = AppDelegate.swift; sourceTree = "<group>"; };
		2FBCFE9723C60F1200179B18 /* SceneDelegate.swift */ = {isa = PBXFileReference; lastKnownFileType = sourcecode.swift; path = SceneDelegate.swift; sourceTree = "<group>"; };
		2FBCFE9923C60F1200179B18 /* ViewController.swift */ = {isa = PBXFileReference; lastKnownFileType = sourcecode.swift; path = ViewController.swift; sourceTree = "<group>"; };
		2FBCFE9C23C60F1200179B18 /* Base */ = {isa = PBXFileReference; lastKnownFileType = file.storyboard; name = Base; path = Base.lproj/Main.storyboard; sourceTree = "<group>"; };
		2FBCFE9E23C60F1400179B18 /* Assets.xcassets */ = {isa = PBXFileReference; lastKnownFileType = folder.assetcatalog; path = Assets.xcassets; sourceTree = "<group>"; };
		2FBCFEA123C60F1400179B18 /* Base */ = {isa = PBXFileReference; lastKnownFileType = file.storyboard; name = Base; path = Base.lproj/LaunchScreen.storyboard; sourceTree = "<group>"; };
		2FBCFEA323C60F1400179B18 /* Info.plist */ = {isa = PBXFileReference; lastKnownFileType = text.plist.xml; path = Info.plist; sourceTree = "<group>"; };
		2FBCFEA923C60FF200179B18 /* LabelTableViewCell.swift */ = {isa = PBXFileReference; lastKnownFileType = sourcecode.swift; path = LabelTableViewCell.swift; sourceTree = "<group>"; };
		2FBCFEAA23C60FF200179B18 /* LabelTableViewCell.xib */ = {isa = PBXFileReference; lastKnownFileType = file.xib; path = LabelTableViewCell.xib; sourceTree = "<group>"; };
/* End PBXFileReference section */

/* Begin PBXFrameworksBuildPhase section */
		2FBCFE8F23C60F1200179B18 /* Frameworks */ = {
			isa = PBXFrameworksBuildPhase;
			buildActionMask = 2147483647;
			files = (
			);
			runOnlyForDeploymentPostprocessing = 0;
		};
/* End PBXFrameworksBuildPhase section */

/* Begin PBXGroup section */
		2FBCFE8923C60F1200179B18 = {
			isa = PBXGroup;
			children = (
				2FBCFE9423C60F1200179B18 /* DynamicLabel */,
				2FBCFE9323C60F1200179B18 /* Products */,
			);
			sourceTree = "<group>";
		};
		2FBCFE9323C60F1200179B18 /* Products */ = {
			isa = PBXGroup;
			children = (
				2FBCFE9223C60F1200179B18 /* DynamicLabel.app */,
			);
			name = Products;
			sourceTree = "<group>";
		};
		2FBCFE9423C60F1200179B18 /* DynamicLabel */ = {
			isa = PBXGroup;
			children = (
				2FBCFEA923C60FF200179B18 /* LabelTableViewCell.swift */,
				2FBCFEAA23C60FF200179B18 /* LabelTableViewCell.xib */,
				2FBCFE9523C60F1200179B18 /* AppDelegate.swift */,
				2FBCFE9723C60F1200179B18 /* SceneDelegate.swift */,
				2FBCFE9923C60F1200179B18 /* ViewController.swift */,
				2FBCFE9B23C60F1200179B18 /* Main.storyboard */,
				2FBCFE9E23C60F1400179B18 /* Assets.xcassets */,
				2FBCFEA023C60F1400179B18 /* LaunchScreen.storyboard */,
				2FBCFEA323C60F1400179B18 /* Info.plist */,
			);
			path = DynamicLabel;
			sourceTree = "<group>";
		};
/* End PBXGroup section */

/* Begin PBXNativeTarget section */
		2FBCFE9123C60F1200179B18 /* DynamicLabel */ = {
			isa = PBXNativeTarget;
			buildConfigurationList = 2FBCFEA623C60F1400179B18 /* Build configuration list for PBXNativeTarget "DynamicLabel" */;
			buildPhases = (
				2FBCFE8E23C60F1200179B18 /* Sources */,
				2FBCFE8F23C60F1200179B18 /* Frameworks */,
				2FBCFE9023C60F1200179B18 /* Resources */,
			);
			buildRules = (
			);
			dependencies = (
			);
			name = DynamicLabel;
			productName = DynamicLabel;
			productReference = 2FBCFE9223C60F1200179B18 /* DynamicLabel.app */;
			productType = "com.apple.product-type.application";
		};
/* End PBXNativeTarget section */

/* Begin PBXProject section */
		2FBCFE8A23C60F1200179B18 /* Project object */ = {
			isa = PBXProject;
			attributes = {
				LastSwiftUpdateCheck = 1120;
				LastUpgradeCheck = 1120;
				ORGANIZATIONNAME = "Boy-";
				TargetAttributes = {
					2FBCFE9123C60F1200179B18 = {
						CreatedOnToolsVersion = 11.2.1;
					};
				};
			};
			buildConfigurationList = 2FBCFE8D23C60F1200179B18 /* Build configuration list for PBXProject "DynamicLabel" */;
			compatibilityVersion = "Xcode 9.3";
			developmentRegion = en;
			hasScannedForEncodings = 0;
			knownRegions = (
				en,
				Base,
			);
			mainGroup = 2FBCFE8923C60F1200179B18;
			productRefGroup = 2FBCFE9323C60F1200179B18 /* Products */;
			projectDirPath = "";
			projectRoot = "";
			targets = (
				2FBCFE9123C60F1200179B18 /* DynamicLabel */,
			);
		};
/* End PBXProject section */

/* Begin PBXResourcesBuildPhase section */
		2FBCFE9023C60F1200179B18 /* Resources */ = {
			isa = PBXResourcesBuildPhase;
			buildActionMask = 2147483647;
			files = (
				2FBCFEA223C60F1400179B18 /* LaunchScreen.storyboard in Resources */,
				2FBCFE9F23C60F1400179B18 /* Assets.xcassets in Resources */,
				2FBCFEAC23C60FF200179B18 /* LabelTableViewCell.xib in Resources */,
				2FBCFE9D23C60F1200179B18 /* Main.storyboard in Resources */,
			);
			runOnlyForDeploymentPostprocessing = 0;
		};
/* End PBXResourcesBuildPhase section */

/* Begin PBXSourcesBuildPhase section */
		2FBCFE8E23C60F1200179B18 /* Sources */ = {
			isa = PBXSourcesBuildPhase;
			buildActionMask = 2147483647;
			files = (
				2FBCFE9A23C60F1200179B18 /* ViewController.swift in Sources */,
				2FBCFE9623C60F1200179B18 /* AppDelegate.swift in Sources */,
				2FBCFEAB23C60FF200179B18 /* LabelTableViewCell.swift in Sources */,
				2FBCFE9823C60F1200179B18 /* SceneDelegate.swift in Sources */,
			);
			runOnlyForDeploymentPostprocessing = 0;
		};
/* End PBXSourcesBuildPhase section */

/* Begin PBXVariantGroup section */
		2FBCFE9B23C60F1200179B18 /* Main.storyboard */ = {
			isa = PBXVariantGroup;
			children = (
				2FBCFE9C23C60F1200179B18 /* Base */,
			);
			name = Main.storyboard;
			sourceTree = "<group>";
		};
		2FBCFEA023C60F1400179B18 /* LaunchScreen.storyboard */ = {
			isa = PBXVariantGroup;
			children = (
				2FBCFEA123C60F1400179B18 /* Base */,
			);
			name = LaunchScreen.storyboard;
			sourceTree = "<group>";
		};
/* End PBXVariantGroup section */

/* Begin XCBuildConfiguration section */
		2FBCFEA423C60F1400179B18 /* Debug */ = {
			isa = XCBuildConfiguration;
			buildSettings = {
				ALWAYS_SEARCH_USER_PATHS = NO;
				CLANG_ANALYZER_NONNULL = YES;
				CLANG_ANALYZER_NUMBER_OBJECT_CONVERSION = YES_AGGRESSIVE;
				CLANG_CXX_LANGUAGE_STANDARD = "gnu++14";
				CLANG_CXX_LIBRARY = "libc++";
				CLANG_ENABLE_MODULES = YES;
				CLANG_ENABLE_OBJC_ARC = YES;
				CLANG_ENABLE_OBJC_WEAK = YES;
				CLANG_WARN_BLOCK_CAPTURE_AUTORELEASING = YES;
				CLANG_WARN_BOOL_CONVERSION = YES;
				CLANG_WARN_COMMA = YES;
				CLANG_WARN_CONSTANT_CONVERSION = YES;
				CLANG_WARN_DEPRECATED_OBJC_IMPLEMENTATIONS = YES;
				CLANG_WARN_DIRECT_OBJC_ISA_USAGE = YES_ERROR;
				CLANG_WARN_DOCUMENTATION_COMMENTS = YES;
				CLANG_WARN_EMPTY_BODY = YES;
				CLANG_WARN_ENUM_CONVERSION = YES;
				CLANG_WARN_INFINITE_RECURSION = YES;
				CLANG_WARN_INT_CONVERSION = YES;
				CLANG_WARN_NON_LITERAL_NULL_CONVERSION = YES;
				CLANG_WARN_OBJC_IMPLICIT_RETAIN_SELF = YES;
				CLANG_WARN_OBJC_LITERAL_CONVERSION = YES;
				CLANG_WARN_OBJC_ROOT_CLASS = YES_ERROR;
				CLANG_WARN_RANGE_LOOP_ANALYSIS = YES;
				CLANG_WARN_STRICT_PROTOTYPES = YES;
				CLANG_WARN_SUSPICIOUS_MOVE = YES;
				CLANG_WARN_UNGUARDED_AVAILABILITY = YES_AGGRESSIVE;
				CLANG_WARN_UNREACHABLE_CODE = YES;
				CLANG_WARN__DUPLICATE_METHOD_MATCH = YES;
				COPY_PHASE_STRIP = NO;
				DEBUG_INFORMATION_FORMAT = dwarf;
				ENABLE_STRICT_OBJC_MSGSEND = YES;
				ENABLE_TESTABILITY = YES;
				GCC_C_LANGUAGE_STANDARD = gnu11;
				GCC_DYNAMIC_NO_PIC = NO;
				GCC_NO_COMMON_BLOCKS = YES;
				GCC_OPTIMIZATION_LEVEL = 0;
				GCC_PREPROCESSOR_DEFINITIONS = (
					"DEBUG=1",
					"$(inherited)",
				);
				GCC_WARN_64_TO_32_BIT_CONVERSION = YES;
				GCC_WARN_ABOUT_RETURN_TYPE = YES_ERROR;
				GCC_WARN_UNDECLARED_SELECTOR = YES;
				GCC_WARN_UNINITIALIZED_AUTOS = YES_AGGRESSIVE;
				GCC_WARN_UNUSED_FUNCTION = YES;
				GCC_WARN_UNUSED_VARIABLE = YES;
				IPHONEOS_DEPLOYMENT_TARGET = 13.2;
				MTL_ENABLE_DEBUG_INFO = INCLUDE_SOURCE;
				MTL_FAST_MATH = YES;
				ONLY_ACTIVE_ARCH = YES;
				SDKROOT = iphoneos;
				SWIFT_ACTIVE_COMPILATION_CONDITIONS = DEBUG;
				SWIFT_OPTIMIZATION_LEVEL = "-Onone";
			};
			name = Debug;
		};
		2FBCFEA523C60F1400179B18 /* Release */ = {
			isa = XCBuildConfiguration;
			buildSettings = {
				ALWAYS_SEARCH_USER_PATHS = NO;
				CLANG_ANALYZER_NONNULL = YES;
				CLANG_ANALYZER_NUMBER_OBJECT_CONVERSION = YES_AGGRESSIVE;
				CLANG_CXX_LANGUAGE_STANDARD = "gnu++14";
				CLANG_CXX_LIBRARY = "libc++";
				CLANG_ENABLE_MODULES = YES;
				CLANG_ENABLE_OBJC_ARC = YES;
				CLANG_ENABLE_OBJC_WEAK = YES;
				CLANG_WARN_BLOCK_CAPTURE_AUTORELEASING = YES;
				CLANG_WARN_BOOL_CONVERSION = YES;
				CLANG_WARN_COMMA = YES;
				CLANG_WARN_CONSTANT_CONVERSION = YES;
				CLANG_WARN_DEPRECATED_OBJC_IMPLEMENTATIONS = YES;
				CLANG_WARN_DIRECT_OBJC_ISA_USAGE = YES_ERROR;
				CLANG_WARN_DOCUMENTATION_COMMENTS = YES;
				CLANG_WARN_EMPTY_BODY = YES;
				CLANG_WARN_ENUM_CONVERSION = YES;
				CLANG_WARN_INFINITE_RECURSION = YES;
				CLANG_WARN_INT_CONVERSION = YES;
				CLANG_WARN_NON_LITERAL_NULL_CONVERSION = YES;
				CLANG_WARN_OBJC_IMPLICIT_RETAIN_SELF = YES;
				CLANG_WARN_OBJC_LITERAL_CONVERSION = YES;
				CLANG_WARN_OBJC_ROOT_CLASS = YES_ERROR;
				CLANG_WARN_RANGE_LOOP_ANALYSIS = YES;
				CLANG_WARN_STRICT_PROTOTYPES = YES;
				CLANG_WARN_SUSPICIOUS_MOVE = YES;
				CLANG_WARN_UNGUARDED_AVAILABILITY = YES_AGGRESSIVE;
				CLANG_WARN_UNREACHABLE_CODE = YES;
				CLANG_WARN__DUPLICATE_METHOD_MATCH = YES;
				COPY_PHASE_STRIP = NO;
				DEBUG_INFORMATION_FORMAT = "dwarf-with-dsym";
				ENABLE_NS_ASSERTIONS = NO;
				ENABLE_STRICT_OBJC_MSGSEND = YES;
				GCC_C_LANGUAGE_STANDARD = gnu11;
				GCC_NO_COMMON_BLOCKS = YES;
				GCC_WARN_64_TO_32_BIT_CONVERSION = YES;
				GCC_WARN_ABOUT_RETURN_TYPE = YES_ERROR;
				GCC_WARN_UNDECLARED_SELECTOR = YES;
				GCC_WARN_UNINITIALIZED_AUTOS = YES_AGGRESSIVE;
				GCC_WARN_UNUSED_FUNCTION = YES;
				GCC_WARN_UNUSED_VARIABLE = YES;
				IPHONEOS_DEPLOYMENT_TARGET = 13.2;
				MTL_ENABLE_DEBUG_INFO = NO;
				MTL_FAST_MATH = YES;
				SDKROOT = iphoneos;
				SWIFT_COMPILATION_MODE = wholemodule;
				SWIFT_OPTIMIZATION_LEVEL = "-O";
				VALIDATE_PRODUCT = YES;
			};
			name = Release;
		};
		2FBCFEA723C60F1400179B18 /* Debug */ = {
			isa = XCBuildConfiguration;
			buildSettings = {
				ASSETCATALOG_COMPILER_APPICON_NAME = AppIcon;
				CODE_SIGN_STYLE = Automatic;
				INFOPLIST_FILE = DynamicLabel/Info.plist;
				LD_RUNPATH_SEARCH_PATHS = (
					"$(inherited)",
					"@executable_path/Frameworks",
				);
				PRODUCT_BUNDLE_IDENTIFIER = alounsavanh.anothay.DynamicLabel;
				PRODUCT_NAME = "$(TARGET_NAME)";
				SWIFT_VERSION = 5.0;
				TARGETED_DEVICE_FAMILY = "1,2";
			};
			name = Debug;
		};
		2FBCFEA823C60F1400179B18 /* Release */ = {
			isa = XCBuildConfiguration;
			buildSettings = {
				ASSETCATALOG_COMPILER_APPICON_NAME = AppIcon;
				CODE_SIGN_STYLE = Automatic;
				INFOPLIST_FILE = DynamicLabel/Info.plist;
				LD_RUNPATH_SEARCH_PATHS = (
					"$(inherited)",
					"@executable_path/Frameworks",
				);
				PRODUCT_BUNDLE_IDENTIFIER = alounsavanh.anothay.DynamicLabel;
				PRODUCT_NAME = "$(TARGET_NAME)";
				SWIFT_VERSION = 5.0;
				TARGETED_DEVICE_FAMILY = "1,2";
			};
			name = Release;
		};
/* End XCBuildConfiguration section */

/* Begin XCConfigurationList section */
		2FBCFE8D23C60F1200179B18 /* Build configuration list for PBXProject "DynamicLabel" */ = {
			isa = XCConfigurationList;
			buildConfigurations = (
				2FBCFEA423C60F1400179B18 /* Debug */,
				2FBCFEA523C60F1400179B18 /* Release */,
			);
			defaultConfigurationIsVisible = 0;
			defaultConfigurationName = Release;
		};
		2FBCFEA623C60F1400179B18 /* Build configuration list for PBXNativeTarget "DynamicLabel" */ = {
			isa = XCConfigurationList;
			buildConfigurations = (
				2FBCFEA723C60F1400179B18 /* Debug */,
				2FBCFEA823C60F1400179B18 /* Release */,
			);
			defaultConfigurationIsVisible = 0;
			defaultConfigurationName = Release;
		};
/* End XCConfigurationList section */
	};
	rootObject = 2FBCFE8A23C60F1200179B18 /* Project object */;
}
